
Microsoft Visual Studio Solution File, Format Version 12.00
# Visual Studio 15
VisualStudioVersion = 15.0.28010.2016
MinimumVisualStudioVersion = 10.0.40219.1
Project("{FAE04EC0-301F-11D3-BF4B-00C04F79EFBC}") = "Lab.10", "Exercise.52\Lab.10.csproj", "{B978444F-ECAD-4288-86F4-1DECC6153DCE}"
EndProject
Global
	GlobalSection(SolutionConfigurationPlatforms) = preSolution
		Debug|Any CPU = Debug|Any CPU
		Release|Any CPU = Release|Any CPU
	EndGlobalSection
	GlobalSection(ProjectConfigurationPlatforms) = postSolution
		{B978444F-ECAD-4288-86F4-1DECC6153DCE}.Debug|Any CPU.ActiveCfg = Debug|Any CPU
		{B978444F-ECAD-4288-86F4-1DECC6153DCE}.Debug|Any CPU.Build.0 = Debug|Any CPU
		{B978444F-ECAD-4288-86F4-1DECC6153DCE}.Release|Any CPU.ActiveCfg = Release|Any CPU
		{B978444F-ECAD-4288-86F4-1DECC6153DCE}.Release|Any CPU.Build.0 = Release|Any CPU
	EndGlobalSection
	GlobalSection(SolutionProperties) = preSolution
		HideSolutionNode = FALSE
	EndGlobalSection
	GlobalSection(ExtensibilityGlobals) = postSolution
		SolutionGuid = {6708B6EF-78B7-46DE-8F20-01DC5AC01D84}
	EndGlobalSection
EndGlobal
